
Microsoft Visual Studio Solution File, Format Version 12.00
# Visual Studio Version 17
VisualStudioVersion = 17.13.35828.75
MinimumVisualStudioVersion = 10.0.40219.1
Project("{FAE04EC0-301F-11D3-BF4B-00C04F79EFBC}") = "TesteCarrefour", "TesteCarrefour\TesteCarrefour.csproj", "{EAECD1CB-7E58-48F1-804E-2D7C536AD727}"
EndProject
Project("{FAE04EC0-301F-11D3-BF4B-00C04F79EFBC}") = "TestProjectTests", "TestProjectTests\TestProjectTests.csproj", "{4528FE2D-7CD1-407F-9BDB-E5A6F46FF7CB}"
EndProject
Global
	GlobalSection(SolutionConfigurationPlatforms) = preSolution
		Debug|Any CPU = Debug|Any CPU
		Release|Any CPU = Release|Any CPU
	EndGlobalSection
	GlobalSection(ProjectConfigurationPlatforms) = postSolution
		{EAECD1CB-7E58-48F1-804E-2D7C536AD727}.Debug|Any CPU.ActiveCfg = Debug|Any CPU
		{EAECD1CB-7E58-48F1-804E-2D7C536AD727}.Debug|Any CPU.Build.0 = Debug|Any CPU
		{EAECD1CB-7E58-48F1-804E-2D7C536AD727}.Release|Any CPU.ActiveCfg = Release|Any CPU
		{EAECD1CB-7E58-48F1-804E-2D7C536AD727}.Release|Any CPU.Build.0 = Release|Any CPU
		{4528FE2D-7CD1-407F-9BDB-E5A6F46FF7CB}.Debug|Any CPU.ActiveCfg = Debug|Any CPU
		{4528FE2D-7CD1-407F-9BDB-E5A6F46FF7CB}.Debug|Any CPU.Build.0 = Debug|Any CPU
		{4528FE2D-7CD1-407F-9BDB-E5A6F46FF7CB}.Release|Any CPU.ActiveCfg = Release|Any CPU
		{4528FE2D-7CD1-407F-9BDB-E5A6F46FF7CB}.Release|Any CPU.Build.0 = Release|Any CPU
	EndGlobalSection
	GlobalSection(SolutionProperties) = preSolution
		HideSolutionNode = FALSE
	EndGlobalSection
	GlobalSection(ExtensibilityGlobals) = postSolution
		SolutionGuid = {5E4B9653-3FA5-4A06-A20F-D166C5897C74}
	EndGlobalSection
EndGlobal
